
Microsoft Visual Studio Solution File, Format Version 12.00
# Visual Studio Version 16
VisualStudioVersion = 16.0.29905.134
MinimumVisualStudioVersion = 10.0.40219.1
Project("{FAE04EC0-301F-11D3-BF4B-00C04F79EFBC}") = "회의실배정", "회의실배정\회의실배정.csproj", "{C5398581-FE56-4984-B04E-E6900C88ACBC}"
EndProject
Global
	GlobalSection(SolutionConfigurationPlatforms) = preSolution
		Debug|Any CPU = Debug|Any CPU
		Release|Any CPU = Release|Any CPU
	EndGlobalSection
	GlobalSection(ProjectConfigurationPlatforms) = postSolution
		{C5398581-FE56-4984-B04E-E6900C88ACBC}.Debug|Any CPU.ActiveCfg = Debug|Any CPU
		{C5398581-FE56-4984-B04E-E6900C88ACBC}.Debug|Any CPU.Build.0 = Debug|Any CPU
		{C5398581-FE56-4984-B04E-E6900C88ACBC}.Release|Any CPU.ActiveCfg = Release|Any CPU
		{C5398581-FE56-4984-B04E-E6900C88ACBC}.Release|Any CPU.Build.0 = Release|Any CPU
	EndGlobalSection
	GlobalSection(SolutionProperties) = preSolution
		HideSolutionNode = FALSE
	EndGlobalSection
	GlobalSection(ExtensibilityGlobals) = postSolution
		SolutionGuid = {F88648D2-BCF4-4038-A63C-DB448FF8FF7B}
	EndGlobalSection
EndGlobal
